// !$*UTF8*$!
{
	archiveVersion = 1;
	classes = {
	};
	objectVersion = 77;
	objects = {

/* Begin PBXContainerItemProxy section */
		6F86A1342DFA4F8A0072849F /* PBXContainerItemProxy */ = {
			isa = PBXContainerItemProxy;
			containerPortal = 6F86A1192DFA4F890072849F /* Project object */;
			proxyType = 1;
			remoteGlobalIDString = 6F86A1202DFA4F890072849F;
			remoteInfo = Fetch;
		};
		6F86A13E2DFA4F8A0072849F /* PBXContainerItemProxy */ = {
			isa = PBXContainerItemProxy;
			containerPortal = 6F86A1192DFA4F890072849F /* Project object */;
			proxyType = 1;
			remoteGlobalIDString = 6F86A1202DFA4F890072849F;
			remoteInfo = Fetch;
		};
/* End PBXContainerItemProxy section */

/* Begin PBXFileReference section */
		6F86A1212DFA4F890072849F /* Fetch.app */ = {isa = PBXFileReference; explicitFileType = wrapper.application; includeInIndex = 0; path = Fetch.app; sourceTree = BUILT_PRODUCTS_DIR; };
		6F86A1332DFA4F8A0072849F /* FetchTests.xctest */ = {isa = PBXFileReference; explicitFileType = wrapper.cfbundle; includeInIndex = 0; path = FetchTests.xctest; sourceTree = BUILT_PRODUCTS_DIR; };
		6F86A13D2DFA4F8A0072849F /* FetchUITests.xctest */ = {isa = PBXFileReference; explicitFileType = wrapper.cfbundle; includeInIndex = 0; path = FetchUITests.xctest; sourceTree = BUILT_PRODUCTS_DIR; };
/* End PBXFileReference section */

/* Begin PBXFileSystemSynchronizedRootGroup section */
		6F86A1232DFA4F890072849F /* Fetch */ = {
			isa = PBXFileSystemSynchronizedRootGroup;
			path = Fetch;
			sourceTree = "<group>";
		};
		6F86A1362DFA4F8A0072849F /* FetchTests */ = {
			isa = PBXFileSystemSynchronizedRootGroup;
			path = FetchTests;
			sourceTree = "<group>";
		};
		6F86A1402DFA4F8A0072849F /* FetchUITests */ = {
			isa = PBXFileSystemSynchronizedRootGroup;
			path = FetchUITests;
			sourceTree = "<group>";
		};
/* End PBXFileSystemSynchronizedRootGroup section */

/* Begin PBXFrameworksBuildPhase section */
		6F86A11E2DFA4F890072849F /* Frameworks */ = {
			isa = PBXFrameworksBuildPhase;
			buildActionMask = 2147483647;
			files = (
			);
			runOnlyForDeploymentPostprocessing = 0;
		};
		6F86A1302DFA4F8A0072849F /* Frameworks */ = {
			isa = PBXFrameworksBuildPhase;
			buildActionMask = 2147483647;
			files = (
			);
			runOnlyForDeploymentPostprocessing = 0;
		};
		6F86A13A2DFA4F8A0072849F /* Frameworks */ = {
			isa = PBXFrameworksBuildPhase;
			buildActionMask = 2147483647;
			files = (
			);
			runOnlyForDeploymentPostprocessing = 0;
		};
/* End PBXFrameworksBuildPhase section */

/* Begin PBXGroup section */
		6F86A1182DFA4F890072849F = {
			isa = PBXGroup;
			children = (
				6F86A1232DFA4F890072849F /* Fetch */,
				6F86A1362DFA4F8A0072849F /* FetchTests */,
				6F86A1402DFA4F8A0072849F /* FetchUITests */,
				6F86A1222DFA4F890072849F /* Products */,
			);
			sourceTree = "<group>";
		};
		6F86A1222DFA4F890072849F /* Products */ = {
			isa = PBXGroup;
			children = (
				6F86A1212DFA4F890072849F /* Fetch.app */,
				6F86A1332DFA4F8A0072849F /* FetchTests.xctest */,
				6F86A13D2DFA4F8A0072849F /* FetchUITests.xctest */,
			);
			name = Products;
			sourceTree = "<group>";
		};
/* End PBXGroup section */

/* Begin PBXNativeTarget section */
		6F86A1202DFA4F890072849F /* Fetch */ = {
			isa = PBXNativeTarget;
			buildConfigurationList = 6F86A1472DFA4F8A0072849F /* Build configuration list for PBXNativeTarget "Fetch" */;
			buildPhases = (
				6F86A11D2DFA4F890072849F /* Sources */,
				6F86A11E2DFA4F890072849F /* Frameworks */,
				6F86A11F2DFA4F890072849F /* Resources */,
			);
			buildRules = (
			);
			dependencies = (
			);
			fileSystemSynchronizedGroups = (
				6F86A1232DFA4F890072849F /* Fetch */,
			);
			name = Fetch;
			packageProductDependencies = (
			);
			productName = Fetch;
			productReference = 6F86A1212DFA4F890072849F /* Fetch.app */;
			productType = "com.apple.product-type.application";
		};
		6F86A1322DFA4F8A0072849F /* FetchTests */ = {
			isa = PBXNativeTarget;
			buildConfigurationList = 6F86A14A2DFA4F8A0072849F /* Build configuration list for PBXNativeTarget "FetchTests" */;
			buildPhases = (
				6F86A12F2DFA4F8A0072849F /* Sources */,
				6F86A1302DFA4F8A0072849F /* Frameworks */,
				6F86A1312DFA4F8A0072849F /* Resources */,
			);
			buildRules = (
			);
			dependencies = (
				6F86A1352DFA4F8A0072849F /* PBXTargetDependency */,
			);
			fileSystemSynchronizedGroups = (
				6F86A1362DFA4F8A0072849F /* FetchTests */,
			);
			name = FetchTests;
			packageProductDependencies = (
			);
			productName = FetchTests;
			productReference = 6F86A1332DFA4F8A0072849F /* FetchTests.xctest */;
			productType = "com.apple.product-type.bundle.unit-test";
		};
		6F86A13C2DFA4F8A0072849F /* FetchUITests */ = {
			isa = PBXNativeTarget;
			buildConfigurationList = 6F86A14D2DFA4F8A0072849F /* Build configuration list for PBXNativeTarget "FetchUITests" */;
			buildPhases = (
				6F86A1392DFA4F8A0072849F /* Sources */,
				6F86A13A2DFA4F8A0072849F /* Frameworks */,
				6F86A13B2DFA4F8A0072849F /* Resources */,
			);
			buildRules = (
			);
			dependencies = (
				6F86A13F2DFA4F8A0072849F /* PBXTargetDependency */,
			);
			fileSystemSynchronizedGroups = (
				6F86A1402DFA4F8A0072849F /* FetchUITests */,
			);
			name = FetchUITests;
			packageProductDependencies = (
			);
			productName = FetchUITests;
			productReference = 6F86A13D2DFA4F8A0072849F /* FetchUITests.xctest */;
			productType = "com.apple.product-type.bundle.ui-testing";
		};
/* End PBXNativeTarget section */

/* Begin PBXProject section */
		6F86A1192DFA4F890072849F /* Project object */ = {
			isa = PBXProject;
			attributes = {
				BuildIndependentTargetsInParallel = 1;
				LastSwiftUpdateCheck = 1610;
				LastUpgradeCheck = 1610;
				TargetAttributes = {
					6F86A1202DFA4F890072849F = {
						CreatedOnToolsVersion = 16.1;
					};
					6F86A1322DFA4F8A0072849F = {
						CreatedOnToolsVersion = 16.1;
						TestTargetID = 6F86A1202DFA4F890072849F;
					};
					6F86A13C2DFA4F8A0072849F = {
						CreatedOnToolsVersion = 16.1;
						TestTargetID = 6F86A1202DFA4F890072849F;
					};
				};
			};
			buildConfigurationList = 6F86A11C2DFA4F890072849F /* Build configuration list for PBXProject "Fetch" */;
			developmentRegion = en;
			hasScannedForEncodings = 0;
			knownRegions = (
				en,
				Base,
			);
			mainGroup = 6F86A1182DFA4F890072849F;
			minimizedProjectReferenceProxies = 1;
			preferredProjectObjectVersion = 77;
			productRefGroup = 6F86A1222DFA4F890072849F /* Products */;
			projectDirPath = "";
			projectRoot = "";
			targets = (
				6F86A1202DFA4F890072849F /* Fetch */,
				6F86A1322DFA4F8A0072849F /* FetchTests */,
				6F86A13C2DFA4F8A0072849F /* FetchUITests */,
			);
		};
/* End PBXProject section */

/* Begin PBXResourcesBuildPhase section */
		6F86A11F2DFA4F890072849F /* Resources */ = {
			isa = PBXResourcesBuildPhase;
			buildActionMask = 2147483647;
			files = (
			);
			runOnlyForDeploymentPostprocessing = 0;
		};
		6F86A1312DFA4F8A0072849F /* Resources */ = {
			isa = PBXResourcesBuildPhase;
			buildActionMask = 2147483647;
			files = (
			);
			runOnlyForDeploymentPostprocessing = 0;
		};
		6F86A13B2DFA4F8A0072849F /* Resources */ = {
			isa = PBXResourcesBuildPhase;
			buildActionMask = 2147483647;
			files = (
			);
			runOnlyForDeploymentPostprocessing = 0;
		};
/* End PBXResourcesBuildPhase section */

/* Begin PBXSourcesBuildPhase section */
		6F86A11D2DFA4F890072849F /* Sources */ = {
			isa = PBXSourcesBuildPhase;
			buildActionMask = 2147483647;
			files = (
			);
			runOnlyForDeploymentPostprocessing = 0;
		};
		6F86A12F2DFA4F8A0072849F /* Sources */ = {
			isa = PBXSourcesBuildPhase;
			buildActionMask = 2147483647;
			files = (
			);
			runOnlyForDeploymentPostprocessing = 0;
		};
		6F86A1392DFA4F8A0072849F /* Sources */ = {
			isa = PBXSourcesBuildPhase;
			buildActionMask = 2147483647;
			files = (
			);
			runOnlyForDeploymentPostprocessing = 0;
		};
/* End PBXSourcesBuildPhase section */

/* Begin PBXTargetDependency section */
		6F86A1352DFA4F8A0072849F /* PBXTargetDependency */ = {
			isa = PBXTargetDependency;
			target = 6F86A1202DFA4F890072849F /* Fetch */;
			targetProxy = 6F86A1342DFA4F8A0072849F /* PBXContainerItemProxy */;
		};
		6F86A13F2DFA4F8A0072849F /* PBXTargetDependency */ = {
			isa = PBXTargetDependency;
			target = 6F86A1202DFA4F890072849F /* Fetch */;
			targetProxy = 6F86A13E2DFA4F8A0072849F /* PBXContainerItemProxy */;
		};
/* End PBXTargetDependency section */

/* Begin XCBuildConfiguration section */
		6F86A1452DFA4F8A0072849F /* Debug */ = {
			isa = XCBuildConfiguration;
			buildSettings = {
				ALWAYS_SEARCH_USER_PATHS = NO;
				ASSETCATALOG_COMPILER_GENERATE_SWIFT_ASSET_SYMBOL_EXTENSIONS = YES;
				CLANG_ANALYZER_NONNULL = YES;
				CLANG_ANALYZER_NUMBER_OBJECT_CONVERSION = YES_AGGRESSIVE;
				CLANG_CXX_LANGUAGE_STANDARD = "gnu++20";
				CLANG_ENABLE_MODULES = YES;
				CLANG_ENABLE_OBJC_ARC = YES;
				CLANG_ENABLE_OBJC_WEAK = YES;
				CLANG_WARN_BLOCK_CAPTURE_AUTORELEASING = YES;
				CLANG_WARN_BOOL_CONVERSION = YES;
				CLANG_WARN_COMMA = YES;
				CLANG_WARN_CONSTANT_CONVERSION = YES;
				CLANG_WARN_DEPRECATED_OBJC_IMPLEMENTATIONS = YES;
				CLANG_WARN_DIRECT_OBJC_ISA_USAGE = YES_ERROR;
				CLANG_WARN_DOCUMENTATION_COMMENTS = YES;
				CLANG_WARN_EMPTY_BODY = YES;
				CLANG_WARN_ENUM_CONVERSION = YES;
				CLANG_WARN_INFINITE_RECURSION = YES;
				CLANG_WARN_INT_CONVERSION = YES;
				CLANG_WARN_NON_LITERAL_NULL_CONVERSION = YES;
				CLANG_WARN_OBJC_IMPLICIT_RETAIN_SELF = YES;
				CLANG_WARN_OBJC_LITERAL_CONVERSION = YES;
				CLANG_WARN_OBJC_ROOT_CLASS = YES_ERROR;
				CLANG_WARN_QUOTED_INCLUDE_IN_FRAMEWORK_HEADER = YES;
				CLANG_WARN_RANGE_LOOP_ANALYSIS = YES;
				CLANG_WARN_STRICT_PROTOTYPES = YES;
				CLANG_WARN_SUSPICIOUS_MOVE = YES;
				CLANG_WARN_UNGUARDED_AVAILABILITY = YES_AGGRESSIVE;
				CLANG_WARN_UNREACHABLE_CODE = YES;
				CLANG_WARN__DUPLICATE_METHOD_MATCH = YES;
				COPY_PHASE_STRIP = NO;
				DEBUG_INFORMATION_FORMAT = dwarf;
				ENABLE_STRICT_OBJC_MSGSEND = YES;
				ENABLE_TESTABILITY = YES;
				ENABLE_USER_SCRIPT_SANDBOXING = YES;
				GCC_C_LANGUAGE_STANDARD = gnu17;
				GCC_DYNAMIC_NO_PIC = NO;
				GCC_NO_COMMON_BLOCKS = YES;
				GCC_OPTIMIZATION_LEVEL = 0;
				GCC_PREPROCESSOR_DEFINITIONS = (
					"DEBUG=1",
					"$(inherited)",
				);
				GCC_WARN_64_TO_32_BIT_CONVERSION = YES;
				GCC_WARN_ABOUT_RETURN_TYPE = YES_ERROR;
				GCC_WARN_UNDECLARED_SELECTOR = YES;
				GCC_WARN_UNINITIALIZED_AUTOS = YES_AGGRESSIVE;
				GCC_WARN_UNUSED_FUNCTION = YES;
				GCC_WARN_UNUSED_VARIABLE = YES;
				IPHONEOS_DEPLOYMENT_TARGET = 18.5;
				LOCALIZATION_PREFERS_STRING_CATALOGS = YES;
				MTL_ENABLE_DEBUG_INFO = INCLUDE_SOURCE;
				MTL_FAST_MATH = YES;
				ONLY_ACTIVE_ARCH = YES;
				SDKROOT = iphoneos;
				SWIFT_ACTIVE_COMPILATION_CONDITIONS = "DEBUG $(inherited)";
				SWIFT_OPTIMIZATION_LEVEL = "-Onone";
			};
			name = Debug;
		};
		6F86A1462DFA4F8A0072849F /* Release */ = {
			isa = XCBuildConfiguration;
			buildSettings = {
				ALWAYS_SEARCH_USER_PATHS = NO;
				ASSETCATALOG_COMPILER_GENERATE_SWIFT_ASSET_SYMBOL_EXTENSIONS = YES;
				CLANG_ANALYZER_NONNULL = YES;
				CLANG_ANALYZER_NUMBER_OBJECT_CONVERSION = YES_AGGRESSIVE;
				CLANG_CXX_LANGUAGE_STANDARD = "gnu++20";
				CLANG_ENABLE_MODULES = YES;
				CLANG_ENABLE_OBJC_ARC = YES;
				CLANG_ENABLE_OBJC_WEAK = YES;
				CLANG_WARN_BLOCK_CAPTURE_AUTORELEASING = YES;
				CLANG_WARN_BOOL_CONVERSION = YES;
				CLANG_WARN_COMMA = YES;
				CLANG_WARN_CONSTANT_CONVERSION = YES;
				CLANG_WARN_DEPRECATED_OBJC_IMPLEMENTATIONS = YES;
				CLANG_WARN_DIRECT_OBJC_ISA_USAGE = YES_ERROR;
				CLANG_WARN_DOCUMENTATION_COMMENTS = YES;
				CLANG_WARN_EMPTY_BODY = YES;
				CLANG_WARN_ENUM_CONVERSION = YES;
				CLANG_WARN_INFINITE_RECURSION = YES;
				CLANG_WARN_INT_CONVERSION = YES;
				CLANG_WARN_NON_LITERAL_NULL_CONVERSION = YES;
				CLANG_WARN_OBJC_IMPLICIT_RETAIN_SELF = YES;
				CLANG_WARN_OBJC_LITERAL_CONVERSION = YES;
				CLANG_WARN_OBJC_ROOT_CLASS = YES_ERROR;
				CLANG_WARN_QUOTED_INCLUDE_IN_FRAMEWORK_HEADER = YES;
				CLANG_WARN_RANGE_LOOP_ANALYSIS = YES;
				CLANG_WARN_STRICT_PROTOTYPES = YES;
				CLANG_WARN_SUSPICIOUS_MOVE = YES;
				CLANG_WARN_UNGUARDED_AVAILABILITY = YES_AGGRESSIVE;
				CLANG_WARN_UNREACHABLE_CODE = YES;
				CLANG_WARN__DUPLICATE_METHOD_MATCH = YES;
				COPY_PHASE_STRIP = NO;
				DEBUG_INFORMATION_FORMAT = "dwarf-with-dsym";
				ENABLE_NS_ASSERTIONS = NO;
				ENABLE_STRICT_OBJC_MSGSEND = YES;
				ENABLE_USER_SCRIPT_SANDBOXING = YES;
				GCC_C_LANGUAGE_STANDARD = gnu17;
				GCC_NO_COMMON_BLOCKS = YES;
				GCC_WARN_64_TO_32_BIT_CONVERSION = YES;
				GCC_WARN_ABOUT_RETURN_TYPE = YES_ERROR;
				GCC_WARN_UNDECLARED_SELECTOR = YES;
				GCC_WARN_UNINITIALIZED_AUTOS = YES_AGGRESSIVE;
				GCC_WARN_UNUSED_FUNCTION = YES;
				GCC_WARN_UNUSED_VARIABLE = YES;
				IPHONEOS_DEPLOYMENT_TARGET = 18.5;
				LOCALIZATION_PREFERS_STRING_CATALOGS = YES;
				MTL_ENABLE_DEBUG_INFO = NO;
				MTL_FAST_MATH = YES;
				SDKROOT = iphoneos;
				SWIFT_COMPILATION_MODE = wholemodule;
				VALIDATE_PRODUCT = YES;
			};
			name = Release;
		};
		6F86A1482DFA4F8A0072849F /* Debug */ = {
			isa = XCBuildConfiguration;
			buildSettings = {
				ASSETCATALOG_COMPILER_APPICON_NAME = AppIcon;
				ASSETCATALOG_COMPILER_GLOBAL_ACCENT_COLOR_NAME = AccentColor;
				CODE_SIGN_STYLE = Automatic;
				CURRENT_PROJECT_VERSION = 1;
				DEVELOPMENT_ASSET_PATHS = "\"Fetch/Preview Content\"";
				DEVELOPMENT_TEAM = U4R9TJ5FN4;
				ENABLE_PREVIEWS = YES;
				GENERATE_INFOPLIST_FILE = YES;
				INFOPLIST_KEY_UIApplicationSceneManifest_Generation = YES;
				INFOPLIST_KEY_UIApplicationSupportsIndirectInputEvents = YES;
				INFOPLIST_KEY_UILaunchScreen_Generation = YES;
				INFOPLIST_KEY_UISupportedInterfaceOrientations_iPad = "UIInterfaceOrientationPortrait UIInterfaceOrientationPortraitUpsideDown UIInterfaceOrientationLandscapeLeft UIInterfaceOrientationLandscapeRight";
				INFOPLIST_KEY_UISupportedInterfaceOrientations_iPhone = "UIInterfaceOrientationPortrait UIInterfaceOrientationLandscapeLeft UIInterfaceOrientationLandscapeRight";
				IPHONEOS_DEPLOYMENT_TARGET = 18.5;
				LD_RUNPATH_SEARCH_PATHS = (
					"$(inherited)",
					"@executable_path/Frameworks",
				);
				MARKETING_VERSION = 1.0;
				PRODUCT_BUNDLE_IDENTIFIER = ETH.Pharms.Fetch;
				PRODUCT_NAME = "$(TARGET_NAME)";
				SWIFT_EMIT_LOC_STRINGS = YES;
				SWIFT_VERSION = 5.0;
				TARGETED_DEVICE_FAMILY = "1,2";
			};
			name = Debug;
		};
		6F86A1492DFA4F8A0072849F /* Release */ = {
			isa = XCBuildConfiguration;
			buildSettings = {
				ASSETCATALOG_COMPILER_APPICON_NAME = AppIcon;
				ASSETCATALOG_COMPILER_GLOBAL_ACCENT_COLOR_NAME = AccentColor;
				CODE_SIGN_STYLE = Automatic;
				CURRENT_PROJECT_VERSION = 1;
				DEVELOPMENT_ASSET_PATHS = "\"Fetch/Preview Content\"";
				DEVELOPMENT_TEAM = U4R9TJ5FN4;
				ENABLE_PREVIEWS = YES;
				GENERATE_INFOPLIST_FILE = YES;
				INFOPLIST_KEY_UIApplicationSceneManifest_Generation = YES;
				INFOPLIST_KEY_UIApplicationSupportsIndirectInputEvents = YES;
				INFOPLIST_KEY_UILaunchScreen_Generation = YES;
				INFOPLIST_KEY_UISupportedInterfaceOrientations_iPad = "UIInterfaceOrientationPortrait UIInterfaceOrientationPortraitUpsideDown UIInterfaceOrientationLandscapeLeft UIInterfaceOrientationLandscapeRight";
				INFOPLIST_KEY_UISupportedInterfaceOrientations_iPhone = "UIInterfaceOrientationPortrait UIInterfaceOrientationLandscapeLeft UIInterfaceOrientationLandscapeRight";
				IPHONEOS_DEPLOYMENT_TARGET = 18.5;
				LD_RUNPATH_SEARCH_PATHS = (
					"$(inherited)",
					"@executable_path/Frameworks",
				);
				MARKETING_VERSION = 1.0;
				PRODUCT_BUNDLE_IDENTIFIER = ETH.Pharms.Fetch;
				PRODUCT_NAME = "$(TARGET_NAME)";
				SWIFT_EMIT_LOC_STRINGS = YES;
				SWIFT_VERSION = 5.0;
				TARGETED_DEVICE_FAMILY = "1,2";
			};
			name = Release;
		};
		6F86A14B2DFA4F8A0072849F /* Debug */ = {
			isa = XCBuildConfiguration;
			buildSettings = {
				BUNDLE_LOADER = "$(TEST_HOST)";
				CODE_SIGN_STYLE = Automatic;
				CURRENT_PROJECT_VERSION = 1;
				DEVELOPMENT_TEAM = U4R9TJ5FN4;
				GENERATE_INFOPLIST_FILE = YES;
				IPHONEOS_DEPLOYMENT_TARGET = 18.1;
				MARKETING_VERSION = 1.0;
				PRODUCT_BUNDLE_IDENTIFIER = ETH.Pharms.FetchTests;
				PRODUCT_NAME = "$(TARGET_NAME)";
				SWIFT_EMIT_LOC_STRINGS = NO;
				SWIFT_VERSION = 5.0;
				TARGETED_DEVICE_FAMILY = "1,2";
				TEST_HOST = "$(BUILT_PRODUCTS_DIR)/Fetch.app/$(BUNDLE_EXECUTABLE_FOLDER_PATH)/Fetch";
			};
			name = Debug;
		};
		6F86A14C2DFA4F8A0072849F /* Release */ = {
			isa = XCBuildConfiguration;
			buildSettings = {
				BUNDLE_LOADER = "$(TEST_HOST)";
				CODE_SIGN_STYLE = Automatic;
				CURRENT_PROJECT_VERSION = 1;
				DEVELOPMENT_TEAM = U4R9TJ5FN4;
				GENERATE_INFOPLIST_FILE = YES;
				IPHONEOS_DEPLOYMENT_TARGET = 18.1;
				MARKETING_VERSION = 1.0;
				PRODUCT_BUNDLE_IDENTIFIER = ETH.Pharms.FetchTests;
				PRODUCT_NAME = "$(TARGET_NAME)";
				SWIFT_EMIT_LOC_STRINGS = NO;
				SWIFT_VERSION = 5.0;
				TARGETED_DEVICE_FAMILY = "1,2";
				TEST_HOST = "$(BUILT_PRODUCTS_DIR)/Fetch.app/$(BUNDLE_EXECUTABLE_FOLDER_PATH)/Fetch";
			};
			name = Release;
		};
		6F86A14E2DFA4F8A0072849F /* Debug */ = {
			isa = XCBuildConfiguration;
			buildSettings = {
				CODE_SIGN_STYLE = Automatic;
				CURRENT_PROJECT_VERSION = 1;
				DEVELOPMENT_TEAM = U4R9TJ5FN4;
				GENERATE_INFOPLIST_FILE = YES;
				MARKETING_VERSION = 1.0;
				PRODUCT_BUNDLE_IDENTIFIER = ETH.Pharms.FetchUITests;
				PRODUCT_NAME = "$(TARGET_NAME)";
				SWIFT_EMIT_LOC_STRINGS = NO;
				SWIFT_VERSION = 5.0;
				TARGETED_DEVICE_FAMILY = "1,2";
				TEST_TARGET_NAME = Fetch;
			};
			name = Debug;
		};
		6F86A14F2DFA4F8A0072849F /* Release */ = {
			isa = XCBuildConfiguration;
			buildSettings = {
				CODE_SIGN_STYLE = Automatic;
				CURRENT_PROJECT_VERSION = 1;
				DEVELOPMENT_TEAM = U4R9TJ5FN4;
				GENERATE_INFOPLIST_FILE = YES;
				MARKETING_VERSION = 1.0;
				PRODUCT_BUNDLE_IDENTIFIER = ETH.Pharms.FetchUITests;
				PRODUCT_NAME = "$(TARGET_NAME)";
				SWIFT_EMIT_LOC_STRINGS = NO;
				SWIFT_VERSION = 5.0;
				TARGETED_DEVICE_FAMILY = "1,2";
				TEST_TARGET_NAME = Fetch;
			};
			name = Release;
		};
/* End XCBuildConfiguration section */

/* Begin XCConfigurationList section */
		6F86A11C2DFA4F890072849F /* Build configuration list for PBXProject "Fetch" */ = {
			isa = XCConfigurationList;
			buildConfigurations = (
				6F86A1452DFA4F8A0072849F /* Debug */,
				6F86A1462DFA4F8A0072849F /* Release */,
			);
			defaultConfigurationIsVisible = 0;
			defaultConfigurationName = Release;
		};
		6F86A1472DFA4F8A0072849F /* Build configuration list for PBXNativeTarget "Fetch" */ = {
			isa = XCConfigurationList;
			buildConfigurations = (
				6F86A1482DFA4F8A0072849F /* Debug */,
				6F86A1492DFA4F8A0072849F /* Release */,
			);
			defaultConfigurationIsVisible = 0;
			defaultConfigurationName = Release;
		};
		6F86A14A2DFA4F8A0072849F /* Build configuration list for PBXNativeTarget "FetchTests" */ = {
			isa = XCConfigurationList;
			buildConfigurations = (
				6F86A14B2DFA4F8A0072849F /* Debug */,
				6F86A14C2DFA4F8A0072849F /* Release */,
			);
			defaultConfigurationIsVisible = 0;
			defaultConfigurationName = Release;
		};
		6F86A14D2DFA4F8A0072849F /* Build configuration list for PBXNativeTarget "FetchUITests" */ = {
			isa = XCConfigurationList;
			buildConfigurations = (
				6F86A14E2DFA4F8A0072849F /* Debug */,
				6F86A14F2DFA4F8A0072849F /* Release */,
			);
			defaultConfigurationIsVisible = 0;
			defaultConfigurationName = Release;
		};
/* End XCConfigurationList section */
	};
	rootObject = 6F86A1192DFA4F890072849F /* Project object */;
}
