// !$*UTF8*$!
{
	archiveVersion = 1;
	classes = {
	};
	objectVersion = 77;
	objects = {

/* Begin PBXBuildFile section */
		6F1947322FBD15A900A811F4 /* NFTDomain in Frameworks */ = {isa = PBXBuildFile; productRef = 6F1947312FBD15A900A811F4 /* NFTDomain */; };
		6F1947342FBD15A900A811F4 /* NFTPersistence in Frameworks */ = {isa = PBXBuildFile; productRef = 6F1947332FBD15A900A811F4 /* NFTPersistence */; };
		6F1947362FBD15A900A811F4 /* NFTPresentation in Frameworks */ = {isa = PBXBuildFile; productRef = 6F1947352FBD15A900A811F4 /* NFTPresentation */; };
		6F1947382FBD15A900A811F4 /* NFTProviderAdapters in Frameworks */ = {isa = PBXBuildFile; productRef = 6F1947372FBD15A900A811F4 /* NFTProviderAdapters */; };
		6F4179322DA96363002A78F5 /* web3.swift in Frameworks */ = {isa = PBXBuildFile; productRef = 6F4179312DA96363002A78F5 /* web3.swift */; };
		6F467D9B2FCD0E7E0062CE28 /* AuralisTestSupport in Frameworks */ = {isa = PBXBuildFile; productRef = 6F467D9A2FCD0E7E0062CE28 /* AuralisTestSupport */; };
		6F64465F2DFFC11F001674D2 /* AuralisIcon.icon in Resources */ = {isa = PBXBuildFile; fileRef = 6F64465E2DFFC11F001674D2 /* AuralisIcon.icon */; };
		6F6A10032F90000100BEEF01 /* AuralisPrimaryModels in Frameworks */ = {isa = PBXBuildFile; productRef = 6F6A10052F90000100BEEF01 /* AuralisPrimaryModels */; };
		6F793F7F2FD45B6300EC8C40 /* ReceiptsCore in Frameworks */ = {isa = PBXBuildFile; productRef = 6F793F7E2FD45B6300EC8C40 /* ReceiptsCore */; };
		6F793F8D2FD4C5DB00EC8C40 /* MusicFeature in Frameworks */ = {isa = PBXBuildFile; productRef = 6F793F8C2FD4C5DB00EC8C40 /* MusicFeature */; };
		6F793F8F2FD5A39E00EC8C40 /* AuraUI in Frameworks */ = {isa = PBXBuildFile; productRef = 6F793F8E2FD5A39E00EC8C40 /* AuraUI */; };
		6F793F912FD5A3AB00EC8C40 /* CapabilitiesCore in Frameworks */ = {isa = PBXBuildFile; productRef = 6F793F902FD5A3AB00EC8C40 /* CapabilitiesCore */; };
		6F7B76042D962FE800DF0AD7 /* CodeScanner in Frameworks */ = {isa = PBXBuildFile; productRef = 6F7B76032D962FE800DF0AD7 /* CodeScanner */; };
		6F84E0162FAE32FF00CD4102 /* AccountsCore in Frameworks */ = {isa = PBXBuildFile; productRef = 6F84E0152FAE32FF00CD4102 /* AccountsCore */; };
		6F84E01B2FAE48B000CD4102 /* AgentIdentityCore in Frameworks */ = {isa = PBXBuildFile; productRef = 6F84E01A2FAE48B000CD4102 /* AgentIdentityCore */; };
		6F84E0202FAE627D00CD4102 /* ReceiptsCore in Frameworks */ = {isa = PBXBuildFile; productRef = 6F84E01F2FAE627D00CD4102 /* ReceiptsCore */; };
		6F84E0262FAE705B00CD4102 /* PolicyCore in Frameworks */ = {isa = PBXBuildFile; productRef = 6F84E0252FAE705B00CD4102 /* PolicyCore */; };
		6F84E0292FAE829200CD4102 /* OperatorCore in Frameworks */ = {isa = PBXBuildFile; productRef = 6F84E0282FAE829200CD4102 /* OperatorCore */; };
		6F84E02C2FAE901500CD4102 /* NFTKit in Frameworks */ = {isa = PBXBuildFile; productRef = 6F84E02B2FAE901500CD4102 /* NFTKit */; };
		6F84E2FC2FAF6CEA00CD4102 /* SwiftDataAdapters in Frameworks */ = {isa = PBXBuildFile; productRef = 6F84E2FB2FAF6CEA00CD4102 /* SwiftDataAdapters */; };
		6F84E2FF2FAFF7FE00CD4102 /* AccountStorage in Frameworks */ = {isa = PBXBuildFile; productRef = 6F84E2FE2FAFF7FE00CD4102 /* AccountStorage */; };
		6F84E3022FB0C5BC00CD4102 /* TokenStorage in Frameworks */ = {isa = PBXBuildFile; productRef = 6F84E3012FB0C5BC00CD4102 /* TokenStorage */; };
		6F84E3052FB2202700CD4102 /* UserDefaultsAdapters in Frameworks */ = {isa = PBXBuildFile; productRef = 6F84E3042FB2202700CD4102 /* UserDefaultsAdapters */; };
		6F84E3082FB35A0A00CD4102 /* AgentIdentityCore in Frameworks */ = {isa = PBXBuildFile; productRef = 6F84E3072FB35A0A00CD4102 /* AgentIdentityCore */; };
		6F84E3132FB66B8200CD4102 /* AuraUI in Frameworks */ = {isa = PBXBuildFile; productRef = 6F84E3122FB66B8200CD4102 /* AuraUI */; };
		6FA256402FB683EB00292ECA /* AuralisShellCore in Frameworks */ = {isa = PBXBuildFile; productRef = 6FA2563F2FB683EB00292ECA /* AuralisShellCore */; };
		6FA256432FB6A28400292ECA /* NFTLibraryFeature in Frameworks */ = {isa = PBXBuildFile; productRef = 6FA256422FB6A28400292ECA /* NFTLibraryFeature */; };
		6FA256482FB77B4800292ECA /* MusicFeature in Frameworks */ = {isa = PBXBuildFile; productRef = 6FA256472FB77B4800292ECA /* MusicFeature */; };
		6FA2564B2FB79FC600292ECA /* AccountsFeature in Frameworks */ = {isa = PBXBuildFile; productRef = 6FA2564A2FB79FC600292ECA /* AccountsFeature */; };
		6FDB397E2FBA7B4B00075FCE /* ENS in Frameworks */ = {isa = PBXBuildFile; productRef = 6FDB397D2FBA7B4B00075FCE /* ENS */; };
		6FDB39812FBA7B5E00075FCE /* ProviderKit in Frameworks */ = {isa = PBXBuildFile; productRef = 6FDB39802FBA7B5E00075FCE /* ProviderKit */; };
		6FDB39842FBA7B7200075FCE /* ReceiptStorage in Frameworks */ = {isa = PBXBuildFile; productRef = 6FDB39832FBA7B7200075FCE /* ReceiptStorage */; };
		6FDB39872FBA7B8F00075FCE /* ChainProviders in Frameworks */ = {isa = PBXBuildFile; productRef = 6FDB39862FBA7B8F00075FCE /* ChainProviders */; };
		6FDB398C2FBA7CB800075FCE /* CapabilitiesCore in Frameworks */ = {isa = PBXBuildFile; productRef = 6FDB398B2FBA7CB800075FCE /* CapabilitiesCore */; };
/* End PBXBuildFile section */

/* Begin PBXContainerItemProxy section */
		6FB455F02CC5BEBD009A055C /* PBXContainerItemProxy */ = {
			isa = PBXContainerItemProxy;
			containerPortal = 6FB455D32CC5BEBB009A055C /* Project object */;
			proxyType = 1;
			remoteGlobalIDString = 6FB455DA2CC5BEBB009A055C;
			remoteInfo = Auralis;
		};
		6FB455FA2CC5BEBD009A055C /* PBXContainerItemProxy */ = {
			isa = PBXContainerItemProxy;
			containerPortal = 6FB455D32CC5BEBB009A055C /* Project object */;
			proxyType = 1;
			remoteGlobalIDString = 6FB455DA2CC5BEBB009A055C;
			remoteInfo = Auralis;
		};
/* End PBXContainerItemProxy section */

/* Begin PBXFileReference section */
		6F64465E2DFFC11F001674D2 /* AuralisIcon.icon */ = {isa = PBXFileReference; lastKnownFileType = folder.iconcomposer.icon; path = AuralisIcon.icon; sourceTree = "<group>"; };
		6F6446602DFFC11F001674D2 /* AGENTS.md */ = {isa = PBXFileReference; lastKnownFileType = net.daringfireball.markdown; path = AGENTS.md; sourceTree = "<group>"; };
		6F6446612DFFC11F001674D2 /* Journal.md */ = {isa = PBXFileReference; lastKnownFileType = net.daringfireball.markdown; path = Journal.md; sourceTree = "<group>"; };
		6F6A10012F90000100BEEF01 /* Auralis/Config/Auralis-Debug.xcconfig */ = {isa = PBXFileReference; lastKnownFileType = text.xcconfig; path = "Auralis/Config/Auralis-Debug.xcconfig"; sourceTree = "<group>"; };
		6F6A10022F90000100BEEF01 /* Auralis/Config/Auralis-Release.xcconfig */ = {isa = PBXFileReference; lastKnownFileType = text.xcconfig; path = "Auralis/Config/Auralis-Release.xcconfig"; sourceTree = "<group>"; };
		6FB455DB2CC5BEBB009A055C /* Auralis.app */ = {isa = PBXFileReference; explicitFileType = wrapper.application; includeInIndex = 0; path = Auralis.app; sourceTree = BUILT_PRODUCTS_DIR; };
		6FB455EF2CC5BEBD009A055C /* AuralisTests.xctest */ = {isa = PBXFileReference; explicitFileType = wrapper.cfbundle; includeInIndex = 0; path = AuralisTests.xctest; sourceTree = BUILT_PRODUCTS_DIR; };
		6FB455F92CC5BEBD009A055C /* AuralisUITests.xctest */ = {isa = PBXFileReference; explicitFileType = wrapper.cfbundle; includeInIndex = 0; path = AuralisUITests.xctest; sourceTree = BUILT_PRODUCTS_DIR; };
/* End PBXFileReference section */

/* Begin PBXFileSystemSynchronizedBuildFileExceptionSet section */
		6FB456012CC5BEBD009A055C /* Exceptions for "Auralis" folder in "Auralis" target */ = {
			isa = PBXFileSystemSynchronizedBuildFileExceptionSet;
			membershipExceptions = (
				"Config/Auralis-Debug.xcconfig",
				"Config/Auralis-Release.xcconfig",
				Config/Secrets.local.xcconfig,
				Info.plist,
			);
			target = 6FB455DA2CC5BEBB009A055C /* Auralis */;
		};
/* End PBXFileSystemSynchronizedBuildFileExceptionSet section */

/* Begin PBXFileSystemSynchronizedRootGroup section */
		6FB455DD2CC5BEBB009A055C /* Auralis */ = {
			isa = PBXFileSystemSynchronizedRootGroup;
			exceptions = (
				6FB456012CC5BEBD009A055C /* Exceptions for "Auralis" folder in "Auralis" target */,
			);
			path = Auralis;
			sourceTree = "<group>";
		};
		6FB455F22CC5BEBD009A055C /* AuralisTests */ = {
			isa = PBXFileSystemSynchronizedRootGroup;
			path = AuralisTests;
			sourceTree = "<group>";
		};
		6FB455FC2CC5BEBD009A055C /* AuralisUITests */ = {
			isa = PBXFileSystemSynchronizedRootGroup;
			path = AuralisUITests;
			sourceTree = "<group>";
		};
/* End PBXFileSystemSynchronizedRootGroup section */

/* Begin PBXFrameworksBuildPhase section */
		6FB455D82CC5BEBB009A055C /* Frameworks */ = {
			isa = PBXFrameworksBuildPhase;
			buildActionMask = 2147483647;
			files = (
				6F1947362FBD15A900A811F4 /* NFTPresentation in Frameworks */,
				6F6A10032F90000100BEEF01 /* AuralisPrimaryModels in Frameworks */,
				6FDB397E2FBA7B4B00075FCE /* ENS in Frameworks */,
				6FA256432FB6A28400292ECA /* NFTLibraryFeature in Frameworks */,
				6F84E0292FAE829200CD4102 /* OperatorCore in Frameworks */,
				6F1947322FBD15A900A811F4 /* NFTDomain in Frameworks */,
				6F1947382FBD15A900A811F4 /* NFTProviderAdapters in Frameworks */,
				6FA256402FB683EB00292ECA /* AuralisShellCore in Frameworks */,
				6FDB39812FBA7B5E00075FCE /* ProviderKit in Frameworks */,
				6F1947342FBD15A900A811F4 /* NFTPersistence in Frameworks */,
				6F84E2FC2FAF6CEA00CD4102 /* SwiftDataAdapters in Frameworks */,
				6F84E3082FB35A0A00CD4102 /* AgentIdentityCore in Frameworks */,
				6F84E0162FAE32FF00CD4102 /* AccountsCore in Frameworks */,
				6F84E3052FB2202700CD4102 /* UserDefaultsAdapters in Frameworks */,
				6F84E02C2FAE901500CD4102 /* NFTKit in Frameworks */,
				6FDB39842FBA7B7200075FCE /* ReceiptStorage in Frameworks */,
				6F4179322DA96363002A78F5 /* web3.swift in Frameworks */,
				6F84E3022FB0C5BC00CD4102 /* TokenStorage in Frameworks */,
				6FA256482FB77B4800292ECA /* MusicFeature in Frameworks */,
				6F84E01B2FAE48B000CD4102 /* AgentIdentityCore in Frameworks */,
				6F84E3132FB66B8200CD4102 /* AuraUI in Frameworks */,
				6FDB39872FBA7B8F00075FCE /* ChainProviders in Frameworks */,
				6F84E0202FAE627D00CD4102 /* ReceiptsCore in Frameworks */,
				6FDB398C2FBA7CB800075FCE /* CapabilitiesCore in Frameworks */,
				6F84E2FF2FAFF7FE00CD4102 /* AccountStorage in Frameworks */,
				6F7B76042D962FE800DF0AD7 /* CodeScanner in Frameworks */,
				6F84E0262FAE705B00CD4102 /* PolicyCore in Frameworks */,
				6FA2564B2FB79FC600292ECA /* AccountsFeature in Frameworks */,
			);
			runOnlyForDeploymentPostprocessing = 0;
		};
		6FB455EC2CC5BEBD009A055C /* Frameworks */ = {
			isa = PBXFrameworksBuildPhase;
			buildActionMask = 2147483647;
			files = (
				6F793F912FD5A3AB00EC8C40 /* CapabilitiesCore in Frameworks */,
				6F793F7F2FD45B6300EC8C40 /* ReceiptsCore in Frameworks */,
				6F793F8F2FD5A39E00EC8C40 /* AuraUI in Frameworks */,
				6F467D9B2FCD0E7E0062CE28 /* AuralisTestSupport in Frameworks */,
				6F793F8D2FD4C5DB00EC8C40 /* MusicFeature in Frameworks */,
			);
			runOnlyForDeploymentPostprocessing = 0;
		};
		6FB455F62CC5BEBD009A055C /* Frameworks */ = {
			isa = PBXFrameworksBuildPhase;
			buildActionMask = 2147483647;
			files = (
			);
			runOnlyForDeploymentPostprocessing = 0;
		};
/* End PBXFrameworksBuildPhase section */

/* Begin PBXGroup section */
		6F0BD4D92F8D490B00AAB5F8 /* Recovered References */ = {
			isa = PBXGroup;
			children = (
				6F6A10012F90000100BEEF01 /* Auralis/Config/Auralis-Debug.xcconfig */,
				6F6A10022F90000100BEEF01 /* Auralis/Config/Auralis-Release.xcconfig */,
			);
			name = "Recovered References";
			sourceTree = "<group>";
		};
		6FB1D9B02D8D117E00CD1B30 /* Frameworks */ = {
			isa = PBXGroup;
			children = (
			);
			name = Frameworks;
			sourceTree = "<group>";
		};
		6FB455D22CC5BEBB009A055C = {
			isa = PBXGroup;
			children = (
				6F6446602DFFC11F001674D2 /* AGENTS.md */,
				6F6446612DFFC11F001674D2 /* Journal.md */,
				6FB455DD2CC5BEBB009A055C /* Auralis */,
				6FB455F22CC5BEBD009A055C /* AuralisTests */,
				6FB455FC2CC5BEBD009A055C /* AuralisUITests */,
				6FB1D9B02D8D117E00CD1B30 /* Frameworks */,
				6FB455DC2CC5BEBB009A055C /* Products */,
				6F64465E2DFFC11F001674D2 /* AuralisIcon.icon */,
				6F0BD4D92F8D490B00AAB5F8 /* Recovered References */,
			);
			sourceTree = "<group>";
		};
		6FB455DC2CC5BEBB009A055C /* Products */ = {
			isa = PBXGroup;
			children = (
				6FB455DB2CC5BEBB009A055C /* Auralis.app */,
				6FB455EF2CC5BEBD009A055C /* AuralisTests.xctest */,
				6FB455F92CC5BEBD009A055C /* AuralisUITests.xctest */,
			);
			name = Products;
			sourceTree = "<group>";
		};
/* End PBXGroup section */

/* Begin PBXNativeTarget section */
		6FB455DA2CC5BEBB009A055C /* Auralis */ = {
			isa = PBXNativeTarget;
			buildConfigurationList = 6FB456022CC5BEBD009A055C /* Build configuration list for PBXNativeTarget "Auralis" */;
			buildPhases = (
				6FB455D72CC5BEBB009A055C /* Sources */,
				6FB455D82CC5BEBB009A055C /* Frameworks */,
				6FB455D92CC5BEBB009A055C /* Resources */,
				6FC0A1012F70000100A0BEEF /* SwiftLint */,
				6FDB39A02FBBBE9700075FCE /* Validate Release Secrets. */,
			);
			buildRules = (
			);
			dependencies = (
			);
			fileSystemSynchronizedGroups = (
				6FB455DD2CC5BEBB009A055C /* Auralis */,
			);
			name = Auralis;
			packageProductDependencies = (
				6F6A10052F90000100BEEF01 /* AuralisPrimaryModels */,
				6F7B76032D962FE800DF0AD7 /* CodeScanner */,
				6F4179312DA96363002A78F5 /* web3.swift */,
				6F84E0152FAE32FF00CD4102 /* AccountsCore */,
				6F84E01A2FAE48B000CD4102 /* AgentIdentityCore */,
				6F84E01F2FAE627D00CD4102 /* ReceiptsCore */,
				6F84E0252FAE705B00CD4102 /* PolicyCore */,
				6F84E0282FAE829200CD4102 /* OperatorCore */,
				6F84E02B2FAE901500CD4102 /* NFTKit */,
				6F84E2FB2FAF6CEA00CD4102 /* SwiftDataAdapters */,
				6F84E2FE2FAFF7FE00CD4102 /* AccountStorage */,
				6F84E3012FB0C5BC00CD4102 /* TokenStorage */,
				6F84E3042FB2202700CD4102 /* UserDefaultsAdapters */,
				6F84E3072FB35A0A00CD4102 /* AgentIdentityCore */,
				6F84E3122FB66B8200CD4102 /* AuraUI */,
				6FA2563F2FB683EB00292ECA /* AuralisShellCore */,
				6FA256422FB6A28400292ECA /* NFTLibraryFeature */,
				6FA256472FB77B4800292ECA /* MusicFeature */,
				6FA2564A2FB79FC600292ECA /* AccountsFeature */,
				6FDB397D2FBA7B4B00075FCE /* ENS */,
				6FDB39802FBA7B5E00075FCE /* ProviderKit */,
				6FDB39832FBA7B7200075FCE /* ReceiptStorage */,
				6FDB39862FBA7B8F00075FCE /* ChainProviders */,
				6FDB398B2FBA7CB800075FCE /* CapabilitiesCore */,
				6F1947312FBD15A900A811F4 /* NFTDomain */,
				6F1947332FBD15A900A811F4 /* NFTPersistence */,
				6F1947352FBD15A900A811F4 /* NFTPresentation */,
				6F1947372FBD15A900A811F4 /* NFTProviderAdapters */,
			);
			productName = Auralis;
			productReference = 6FB455DB2CC5BEBB009A055C /* Auralis.app */;
			productType = "com.apple.product-type.application";
		};
		6FB455EE2CC5BEBD009A055C /* AuralisTests */ = {
			isa = PBXNativeTarget;
			buildConfigurationList = 6FB456072CC5BEBD009A055C /* Build configuration list for PBXNativeTarget "AuralisTests" */;
			buildPhases = (
				6FB455EB2CC5BEBD009A055C /* Sources */,
				6FB455EC2CC5BEBD009A055C /* Frameworks */,
				6FB455ED2CC5BEBD009A055C /* Resources */,
			);
			buildRules = (
			);
			dependencies = (
				6FB455F12CC5BEBD009A055C /* PBXTargetDependency */,
			);
			fileSystemSynchronizedGroups = (
				6FB455F22CC5BEBD009A055C /* AuralisTests */,
			);
			name = AuralisTests;
			packageProductDependencies = (
				6F467D9A2FCD0E7E0062CE28 /* AuralisTestSupport */,
				6F793F7E2FD45B6300EC8C40 /* ReceiptsCore */,
				6F793F8C2FD4C5DB00EC8C40 /* MusicFeature */,
				6F793F8E2FD5A39E00EC8C40 /* AuraUI */,
				6F793F902FD5A3AB00EC8C40 /* CapabilitiesCore */,
			);
			productName = AuralisTests;
			productReference = 6FB455EF2CC5BEBD009A055C /* AuralisTests.xctest */;
			productType = "com.apple.product-type.bundle.unit-test";
		};
		6FB455F82CC5BEBD009A055C /* AuralisUITests */ = {
			isa = PBXNativeTarget;
			buildConfigurationList = 6FB4560A2CC5BEBD009A055C /* Build configuration list for PBXNativeTarget "AuralisUITests" */;
			buildPhases = (
				6FB455F52CC5BEBD009A055C /* Sources */,
				6FB455F62CC5BEBD009A055C /* Frameworks */,
				6FB455F72CC5BEBD009A055C /* Resources */,
			);
			buildRules = (
			);
			dependencies = (
				6FB455FB2CC5BEBD009A055C /* PBXTargetDependency */,
			);
			fileSystemSynchronizedGroups = (
				6FB455FC2CC5BEBD009A055C /* AuralisUITests */,
			);
			name = AuralisUITests;
			packageProductDependencies = (
			);
			productName = AuralisUITests;
			productReference = 6FB455F92CC5BEBD009A055C /* AuralisUITests.xctest */;
			productType = "com.apple.product-type.bundle.ui-testing";
		};
/* End PBXNativeTarget section */

/* Begin PBXProject section */
		6FB455D32CC5BEBB009A055C /* Project object */ = {
			isa = PBXProject;
			attributes = {
				BuildIndependentTargetsInParallel = 1;
				LastSwiftUpdateCheck = 1600;
				LastUpgradeCheck = 2640;
				TargetAttributes = {
					6FB455DA2CC5BEBB009A055C = {
						CreatedOnToolsVersion = 16.0;
					};
					6FB455EE2CC5BEBD009A055C = {
						CreatedOnToolsVersion = 16.0;
						TestTargetID = 6FB455DA2CC5BEBB009A055C;
					};
					6FB455F82CC5BEBD009A055C = {
						CreatedOnToolsVersion = 16.0;
						TestTargetID = 6FB455DA2CC5BEBB009A055C;
					};
				};
			};
			buildConfigurationList = 6FB455D62CC5BEBB009A055C /* Build configuration list for PBXProject "Auralis" */;
			developmentRegion = en;
			hasScannedForEncodings = 0;
			knownRegions = (
				en,
				Base,
			);
			mainGroup = 6FB455D22CC5BEBB009A055C;
			minimizedProjectReferenceProxies = 1;
			packageReferences = (
				6F6A10042F90000100BEEF01 /* XCLocalSwiftPackageReference "AuralisPrimaryModels" */,
				6F7B76022D962FE800DF0AD7 /* XCRemoteSwiftPackageReference "CodeScanner" */,
				6F4179302DA96363002A78F5 /* XCRemoteSwiftPackageReference "web3" */,
				6FC0A1022F70000100A0BEEF /* XCRemoteSwiftPackageReference "SwiftLintPlugins" */,
				6F84E0142FAE329900CD4102 /* XCLocalSwiftPackageReference "AccountsCore" */,
				6F84E01E2FAE627D00CD4102 /* XCLocalSwiftPackageReference "ReceiptsCore" */,
				6F84E0242FAE705B00CD4102 /* XCLocalSwiftPackageReference "PolicyCore" */,
				6F84E0272FAE829200CD4102 /* XCLocalSwiftPackageReference "OperatorCore" */,
				6F84E02A2FAE901500CD4102 /* XCLocalSwiftPackageReference "NFTKit" */,
				6F84E2FA2FAF6CEA00CD4102 /* XCLocalSwiftPackageReference "SwiftDataAdapters" */,
				6F84E2FD2FAFF7FE00CD4102 /* XCLocalSwiftPackageReference "AccountStorage" */,
				6F84E3002FB0C5BC00CD4102 /* XCLocalSwiftPackageReference "TokenStorage" */,
				6F84E3032FB2202700CD4102 /* XCLocalSwiftPackageReference "UserDefaultsAdapters" */,
				6F84E3062FB35A0A00CD4102 /* XCLocalSwiftPackageReference "AgentIdentityCore" */,
				6F84E3112FB66B8200CD4102 /* XCLocalSwiftPackageReference "AuraUI" */,
				6FA2563E2FB683EB00292ECA /* XCLocalSwiftPackageReference "AuralisShellCore" */,
				6FA256412FB6A28400292ECA /* XCLocalSwiftPackageReference "NFTLibraryFeature" */,
				6FA256462FB77B4800292ECA /* XCLocalSwiftPackageReference "MusicFeature" */,
				6FA256492FB79FC600292ECA /* XCLocalSwiftPackageReference "AccountsFeature" */,
				6FDB397C2FBA7B4B00075FCE /* XCLocalSwiftPackageReference "ENS" */,
				6FDB397F2FBA7B5E00075FCE /* XCLocalSwiftPackageReference "ProviderKit" */,
				6FDB39822FBA7B7200075FCE /* XCLocalSwiftPackageReference "ReceiptStorage" */,
				6FDB39852FBA7B8F00075FCE /* XCLocalSwiftPackageReference "ChainProviders" */,
				6FDB398A2FBA7CB800075FCE /* XCLocalSwiftPackageReference "CapabilitiesCore" */,
				6F467D992FCD0E7E0062CE28 /* XCLocalSwiftPackageReference "AuralisTestSupport" */,
			);
			preferredProjectObjectVersion = 77;
			productRefGroup = 6FB455DC2CC5BEBB009A055C /* Products */;
			projectDirPath = "";
			projectRoot = "";
			targets = (
				6FB455DA2CC5BEBB009A055C /* Auralis */,
				6FB455EE2CC5BEBD009A055C /* AuralisTests */,
				6FB455F82CC5BEBD009A055C /* AuralisUITests */,
			);
		};
/* End PBXProject section */

/* Begin PBXResourcesBuildPhase section */
		6FB455D92CC5BEBB009A055C /* Resources */ = {
			isa = PBXResourcesBuildPhase;
			buildActionMask = 2147483647;
			files = (
				6F64465F2DFFC11F001674D2 /* AuralisIcon.icon in Resources */,
			);
			runOnlyForDeploymentPostprocessing = 0;
		};
		6FB455ED2CC5BEBD009A055C /* Resources */ = {
			isa = PBXResourcesBuildPhase;
			buildActionMask = 2147483647;
			files = (
			);
			runOnlyForDeploymentPostprocessing = 0;
		};
		6FB455F72CC5BEBD009A055C /* Resources */ = {
			isa = PBXResourcesBuildPhase;
			buildActionMask = 2147483647;
			files = (
			);
			runOnlyForDeploymentPostprocessing = 0;
		};
/* End PBXResourcesBuildPhase section */

/* Begin PBXShellScriptBuildPhase section */
		6FC0A1012F70000100A0BEEF /* SwiftLint */ = {
			isa = PBXShellScriptBuildPhase;
			buildActionMask = 2147483647;
			files = (
			);
			inputFileListPaths = (
			);
			inputPaths = (
				"$(SRCROOT)/.swiftlint.yml",
			);
			name = SwiftLint;
			outputFileListPaths = (
			);
			outputPaths = (
				"$(DERIVED_FILE_DIR)/swiftlint-lint.stamp",
			);
			runOnlyForDeploymentPostprocessing = 0;
			shellPath = /bin/sh;
			shellScript = "set -e\n\nSWIFTLINT_BIN=\"${BUILD_DIR%Build/*}SourcePackages/artifacts/swiftlintplugins/SwiftLintBinary/SwiftLintBinary.artifactbundle/macos/swiftlint\"\nOUTPUT_STAMP=\"${DERIVED_FILE_DIR}/swiftlint-lint.stamp\"\n\nif [ ! -x \"$SWIFTLINT_BIN\" ]; then\n  echo \"warning: SwiftLint binary is missing. Resolve package dependencies to enable linting.\"\n  exit 0\nfi\n\n\"$SWIFTLINT_BIN\" lint --config \"$SRCROOT/.swiftlint.yml\"\ntouch \"$OUTPUT_STAMP\"\n";
		};
		6FDB39A02FBBBE9700075FCE /* Validate Release Secrets. */ = {
			isa = PBXShellScriptBuildPhase;
			buildActionMask = 2147483647;
			files = (
			);
			inputFileListPaths = (
			);
			inputPaths = (
			);
			name = "Validate Release Secrets.";
			outputFileListPaths = (
			);
			outputPaths = (
			);
			runOnlyForDeploymentPostprocessing = 0;
			shellPath = /bin/sh;
			shellScript = "# Type a script or drag a script file from your workspace to insert its path.\n/bin/sh \"$SRCROOT/Auralis/Scripts/ValidateReleaseSecrets.sh\"\n";
		};
/* End PBXShellScriptBuildPhase section */

/* Begin PBXSourcesBuildPhase section */
		6FB455D72CC5BEBB009A055C /* Sources */ = {
			isa = PBXSourcesBuildPhase;
			buildActionMask = 2147483647;
			files = (
			);
			runOnlyForDeploymentPostprocessing = 0;
		};
		6FB455EB2CC5BEBD009A055C /* Sources */ = {
			isa = PBXSourcesBuildPhase;
			buildActionMask = 2147483647;
			files = (
			);
			runOnlyForDeploymentPostprocessing = 0;
		};
		6FB455F52CC5BEBD009A055C /* Sources */ = {
			isa = PBXSourcesBuildPhase;
			buildActionMask = 2147483647;
			files = (
			);
			runOnlyForDeploymentPostprocessing = 0;
		};
/* End PBXSourcesBuildPhase section */

/* Begin PBXTargetDependency section */
		6FB455F12CC5BEBD009A055C /* PBXTargetDependency */ = {
			isa = PBXTargetDependency;
			target = 6FB455DA2CC5BEBB009A055C /* Auralis */;
			targetProxy = 6FB455F02CC5BEBD009A055C /* PBXContainerItemProxy */;
		};
		6FB455FB2CC5BEBD009A055C /* PBXTargetDependency */ = {
			isa = PBXTargetDependency;
			target = 6FB455DA2CC5BEBB009A055C /* Auralis */;
			targetProxy = 6FB455FA2CC5BEBD009A055C /* PBXContainerItemProxy */;
		};
/* End PBXTargetDependency section */

/* Begin XCBuildConfiguration section */
		6FB456032CC5BEBD009A055C /* Debug */ = {
			isa = XCBuildConfiguration;
			baseConfigurationReference = 6F6A10012F90000100BEEF01 /* Auralis/Config/Auralis-Debug.xcconfig */;
			buildSettings = {
				ASSETCATALOG_COMPILER_APPICON_NAME = AuralisIcon;
				ASSETCATALOG_COMPILER_GLOBAL_ACCENT_COLOR_NAME = AccentColor;
				CODE_SIGN_ENTITLEMENTS = Auralis/Auralis.entitlements;
				CODE_SIGN_STYLE = Automatic;
				CURRENT_PROJECT_VERSION = 1;
				DEVELOPMENT_ASSET_PATHS = "\"Auralis/Preview Content\"";
				ENABLE_APP_SANDBOX = YES;
				ENABLE_PREVIEWS = YES;
				ENABLE_USER_SCRIPT_SANDBOXING = NO;
				ENABLE_USER_SELECTED_FILES = readonly;
				GENERATE_INFOPLIST_FILE = YES;
				INFOPLIST_FILE = Auralis/Info.plist;
				INFOPLIST_KEY_NSCameraUsageDescription = "Scan a wallet address QR code to add it to your account or switch to a saved account.";
				INFOPLIST_KEY_UIApplicationSceneManifest_Generation = YES;
				INFOPLIST_KEY_UIApplicationSupportsIndirectInputEvents = YES;
				INFOPLIST_KEY_UILaunchScreen_Generation = YES;
				INFOPLIST_KEY_UISupportedInterfaceOrientations_iPad = "UIInterfaceOrientationPortrait UIInterfaceOrientationPortraitUpsideDown UIInterfaceOrientationLandscapeLeft UIInterfaceOrientationLandscapeRight";
				INFOPLIST_KEY_UISupportedInterfaceOrientations_iPhone = "UIInterfaceOrientationPortrait UIInterfaceOrientationLandscapeLeft UIInterfaceOrientationLandscapeRight";
				LD_RUNPATH_SEARCH_PATHS = (
					"$(inherited)",
					"@executable_path/Frameworks",
				);
				MARKETING_VERSION = 0.1.0;
				PRODUCT_BUNDLE_IDENTIFIER = ETH.Auralis.Auralis;
				PRODUCT_NAME = "$(TARGET_NAME)";
				SWIFT_EMIT_LOC_STRINGS = YES;
				SWIFT_VERSION = 6.0;
				TARGETED_DEVICE_FAMILY = "1,2";
			};
			name = Debug;
		};
		6FB456042CC5BEBD009A055C /* Release */ = {
			isa = XCBuildConfiguration;
			baseConfigurationReference = 6F6A10022F90000100BEEF01 /* Auralis/Config/Auralis-Release.xcconfig */;
			buildSettings = {
				ASSETCATALOG_COMPILER_APPICON_NAME = AuralisIcon;
				ASSETCATALOG_COMPILER_GLOBAL_ACCENT_COLOR_NAME = AccentColor;
				CODE_SIGN_ENTITLEMENTS = Auralis/Auralis.entitlements;
				CODE_SIGN_STYLE = Automatic;
				CURRENT_PROJECT_VERSION = 1;
				DEVELOPMENT_ASSET_PATHS = "\"Auralis/Preview Content\"";
				ENABLE_APP_SANDBOX = YES;
				ENABLE_PREVIEWS = YES;
				ENABLE_USER_SCRIPT_SANDBOXING = NO;
				ENABLE_USER_SELECTED_FILES = readonly;
				GENERATE_INFOPLIST_FILE = YES;
				INFOPLIST_FILE = Auralis/Info.plist;
				INFOPLIST_KEY_NSCameraUsageDescription = "Scan a wallet address QR code to add it to your account or switch to a saved account.";
				INFOPLIST_KEY_UIApplicationSceneManifest_Generation = YES;
				INFOPLIST_KEY_UIApplicationSupportsIndirectInputEvents = YES;
				INFOPLIST_KEY_UILaunchScreen_Generation = YES;
				INFOPLIST_KEY_UISupportedInterfaceOrientations_iPad = "UIInterfaceOrientationPortrait UIInterfaceOrientationPortraitUpsideDown UIInterfaceOrientationLandscapeLeft UIInterfaceOrientationLandscapeRight";
				INFOPLIST_KEY_UISupportedInterfaceOrientations_iPhone = "UIInterfaceOrientationPortrait UIInterfaceOrientationLandscapeLeft UIInterfaceOrientationLandscapeRight";
				LD_RUNPATH_SEARCH_PATHS = (
					"$(inherited)",
					"@executable_path/Frameworks",
				);
				MARKETING_VERSION = 0.1.0;
				PRODUCT_BUNDLE_IDENTIFIER = ETH.Auralis.Auralis;
				PRODUCT_NAME = "$(TARGET_NAME)";
				SWIFT_EMIT_LOC_STRINGS = YES;
				SWIFT_VERSION = 6.0;
				TARGETED_DEVICE_FAMILY = "1,2";
			};
			name = Release;
		};
		6FB456052CC5BEBD009A055C /* Debug */ = {
			isa = XCBuildConfiguration;
			buildSettings = {
				ALWAYS_SEARCH_USER_PATHS = NO;
				ASSETCATALOG_COMPILER_GENERATE_SWIFT_ASSET_SYMBOL_EXTENSIONS = YES;
				CLANG_ANALYZER_NONNULL = YES;
				CLANG_ANALYZER_NUMBER_OBJECT_CONVERSION = YES_AGGRESSIVE;
				CLANG_CXX_LANGUAGE_STANDARD = "gnu++20";
				CLANG_ENABLE_MODULES = YES;
				CLANG_ENABLE_OBJC_ARC = YES;
				CLANG_ENABLE_OBJC_WEAK = YES;
				CLANG_WARN_BLOCK_CAPTURE_AUTORELEASING = YES;
				CLANG_WARN_BOOL_CONVERSION = YES;
				CLANG_WARN_COMMA = YES;
				CLANG_WARN_CONSTANT_CONVERSION = YES;
				CLANG_WARN_DEPRECATED_OBJC_IMPLEMENTATIONS = YES;
				CLANG_WARN_DIRECT_OBJC_ISA_USAGE = YES_ERROR;
				CLANG_WARN_DOCUMENTATION_COMMENTS = YES;
				CLANG_WARN_EMPTY_BODY = YES;
				CLANG_WARN_ENUM_CONVERSION = YES;
				CLANG_WARN_INFINITE_RECURSION = YES;
				CLANG_WARN_INT_CONVERSION = YES;
				CLANG_WARN_NON_LITERAL_NULL_CONVERSION = YES;
				CLANG_WARN_OBJC_IMPLICIT_RETAIN_SELF = YES;
				CLANG_WARN_OBJC_LITERAL_CONVERSION = YES;
				CLANG_WARN_OBJC_ROOT_CLASS = YES_ERROR;
				CLANG_WARN_QUOTED_INCLUDE_IN_FRAMEWORK_HEADER = YES;
				CLANG_WARN_RANGE_LOOP_ANALYSIS = YES;
				CLANG_WARN_STRICT_PROTOTYPES = YES;
				CLANG_WARN_SUSPICIOUS_MOVE = YES;
				CLANG_WARN_UNGUARDED_AVAILABILITY = YES_AGGRESSIVE;
				CLANG_WARN_UNREACHABLE_CODE = YES;
				CLANG_WARN__DUPLICATE_METHOD_MATCH = YES;
				COPY_PHASE_STRIP = NO;
				DEBUG_INFORMATION_FORMAT = dwarf;
				DEVELOPMENT_TEAM = U4R9TJ5FN4;
				ENABLE_STRICT_OBJC_MSGSEND = YES;
				ENABLE_TESTABILITY = YES;
				ENABLE_USER_SCRIPT_SANDBOXING = NO;
				GCC_C_LANGUAGE_STANDARD = gnu17;
				GCC_DYNAMIC_NO_PIC = NO;
				GCC_NO_COMMON_BLOCKS = YES;
				GCC_OPTIMIZATION_LEVEL = 0;
				GCC_PREPROCESSOR_DEFINITIONS = (
					"DEBUG=1",
					"$(inherited)",
				);
				GCC_WARN_64_TO_32_BIT_CONVERSION = YES;
				GCC_WARN_ABOUT_RETURN_TYPE = YES_ERROR;
				GCC_WARN_UNDECLARED_SELECTOR = YES;
				GCC_WARN_UNINITIALIZED_AUTOS = YES_AGGRESSIVE;
				GCC_WARN_UNUSED_FUNCTION = YES;
				GCC_WARN_UNUSED_VARIABLE = YES;
				IPHONEOS_DEPLOYMENT_TARGET = 26.0;
				LOCALIZATION_PREFERS_STRING_CATALOGS = YES;
				MTL_ENABLE_DEBUG_INFO = INCLUDE_SOURCE;
				MTL_FAST_MATH = YES;
				ONLY_ACTIVE_ARCH = YES;
				SDKROOT = iphoneos;
				STRING_CATALOG_GENERATE_SYMBOLS = YES;
				SWIFT_ACTIVE_COMPILATION_CONDITIONS = "DEBUG $(inherited)";
				SWIFT_OPTIMIZATION_LEVEL = "-Onone";
				SWIFT_VERSION = 6.0;
			};
			name = Debug;
		};
		6FB456062CC5BEBD009A055C /* Release */ = {
			isa = XCBuildConfiguration;
			buildSettings = {
				ALWAYS_SEARCH_USER_PATHS = NO;
				ASSETCATALOG_COMPILER_GENERATE_SWIFT_ASSET_SYMBOL_EXTENSIONS = YES;
				CLANG_ANALYZER_NONNULL = YES;
				CLANG_ANALYZER_NUMBER_OBJECT_CONVERSION = YES_AGGRESSIVE;
				CLANG_CXX_LANGUAGE_STANDARD = "gnu++20";
				CLANG_ENABLE_MODULES = YES;
				CLANG_ENABLE_OBJC_ARC = YES;
				CLANG_ENABLE_OBJC_WEAK = YES;
				CLANG_WARN_BLOCK_CAPTURE_AUTORELEASING = YES;
				CLANG_WARN_BOOL_CONVERSION = YES;
				CLANG_WARN_COMMA = YES;
				CLANG_WARN_CONSTANT_CONVERSION = YES;
				CLANG_WARN_DEPRECATED_OBJC_IMPLEMENTATIONS = YES;
				CLANG_WARN_DIRECT_OBJC_ISA_USAGE = YES_ERROR;
				CLANG_WARN_DOCUMENTATION_COMMENTS = YES;
				CLANG_WARN_EMPTY_BODY = YES;
				CLANG_WARN_ENUM_CONVERSION = YES;
				CLANG_WARN_INFINITE_RECURSION = YES;
				CLANG_WARN_INT_CONVERSION = YES;
				CLANG_WARN_NON_LITERAL_NULL_CONVERSION = YES;
				CLANG_WARN_OBJC_IMPLICIT_RETAIN_SELF = YES;
				CLANG_WARN_OBJC_LITERAL_CONVERSION = YES;
				CLANG_WARN_OBJC_ROOT_CLASS = YES_ERROR;
				CLANG_WARN_QUOTED_INCLUDE_IN_FRAMEWORK_HEADER = YES;
				CLANG_WARN_RANGE_LOOP_ANALYSIS = YES;
				CLANG_WARN_STRICT_PROTOTYPES = YES;
				CLANG_WARN_SUSPICIOUS_MOVE = YES;
				CLANG_WARN_UNGUARDED_AVAILABILITY = YES_AGGRESSIVE;
				CLANG_WARN_UNREACHABLE_CODE = YES;
				CLANG_WARN__DUPLICATE_METHOD_MATCH = YES;
				COPY_PHASE_STRIP = NO;
				DEBUG_INFORMATION_FORMAT = "dwarf-with-dsym";
				DEVELOPMENT_TEAM = U4R9TJ5FN4;
				ENABLE_NS_ASSERTIONS = NO;
				ENABLE_STRICT_OBJC_MSGSEND = YES;
				ENABLE_USER_SCRIPT_SANDBOXING = NO;
				GCC_C_LANGUAGE_STANDARD = gnu17;
				GCC_NO_COMMON_BLOCKS = YES;
				GCC_WARN_64_TO_32_BIT_CONVERSION = YES;
				GCC_WARN_ABOUT_RETURN_TYPE = YES_ERROR;
				GCC_WARN_UNDECLARED_SELECTOR = YES;
				GCC_WARN_UNINITIALIZED_AUTOS = YES_AGGRESSIVE;
				GCC_WARN_UNUSED_FUNCTION = YES;
				GCC_WARN_UNUSED_VARIABLE = YES;
				IPHONEOS_DEPLOYMENT_TARGET = 26.0;
				LOCALIZATION_PREFERS_STRING_CATALOGS = YES;
				MTL_ENABLE_DEBUG_INFO = NO;
				MTL_FAST_MATH = YES;
				SDKROOT = iphoneos;
				STRING_CATALOG_GENERATE_SYMBOLS = YES;
				SWIFT_COMPILATION_MODE = wholemodule;
				SWIFT_VERSION = 6.0;
				VALIDATE_PRODUCT = YES;
			};
			name = Release;
		};
		6FB456082CC5BEBD009A055C /* Debug */ = {
			isa = XCBuildConfiguration;
			buildSettings = {
				BUNDLE_LOADER = "$(TEST_HOST)";
				CODE_SIGN_STYLE = Automatic;
				CURRENT_PROJECT_VERSION = 1;
				GENERATE_INFOPLIST_FILE = YES;
				MARKETING_VERSION = 1.0;
				PRODUCT_BUNDLE_IDENTIFIER = ETH.Auralis.AuralisTests;
				PRODUCT_NAME = "$(TARGET_NAME)";
				SWIFT_EMIT_LOC_STRINGS = NO;
				SWIFT_VERSION = 6.0;
				TARGETED_DEVICE_FAMILY = "1,2";
				TEST_HOST = "$(BUILT_PRODUCTS_DIR)/Auralis.app/$(BUNDLE_EXECUTABLE_FOLDER_PATH)/Auralis";
			};
			name = Debug;
		};
		6FB456092CC5BEBD009A055C /* Release */ = {
			isa = XCBuildConfiguration;
			buildSettings = {
				BUNDLE_LOADER = "$(TEST_HOST)";
				CODE_SIGN_STYLE = Automatic;
				CURRENT_PROJECT_VERSION = 1;
				GENERATE_INFOPLIST_FILE = YES;
				MARKETING_VERSION = 1.0;
				PRODUCT_BUNDLE_IDENTIFIER = ETH.Auralis.AuralisTests;
				PRODUCT_NAME = "$(TARGET_NAME)";
				SWIFT_EMIT_LOC_STRINGS = NO;
				SWIFT_VERSION = 6.0;
				TARGETED_DEVICE_FAMILY = "1,2";
				TEST_HOST = "$(BUILT_PRODUCTS_DIR)/Auralis.app/$(BUNDLE_EXECUTABLE_FOLDER_PATH)/Auralis";
			};
			name = Release;
		};
		6FB4560B2CC5BEBD009A055C /* Debug */ = {
			isa = XCBuildConfiguration;
			buildSettings = {
				CODE_SIGN_STYLE = Automatic;
				CURRENT_PROJECT_VERSION = 1;
				GENERATE_INFOPLIST_FILE = YES;
				MARKETING_VERSION = 1.0;
				PRODUCT_BUNDLE_IDENTIFIER = ETH.Auralis.AuralisUITests;
				PRODUCT_NAME = "$(TARGET_NAME)";
				SWIFT_EMIT_LOC_STRINGS = NO;
				SWIFT_VERSION = 6.0;
				TARGETED_DEVICE_FAMILY = "1,2";
				TEST_TARGET_NAME = Auralis;
			};
			name = Debug;
		};
		6FB4560C2CC5BEBD009A055C /* Release */ = {
			isa = XCBuildConfiguration;
			buildSettings = {
				CODE_SIGN_STYLE = Automatic;
				CURRENT_PROJECT_VERSION = 1;
				GENERATE_INFOPLIST_FILE = YES;
				MARKETING_VERSION = 1.0;
				PRODUCT_BUNDLE_IDENTIFIER = ETH.Auralis.AuralisUITests;
				PRODUCT_NAME = "$(TARGET_NAME)";
				SWIFT_EMIT_LOC_STRINGS = NO;
				SWIFT_VERSION = 6.0;
				TARGETED_DEVICE_FAMILY = "1,2";
				TEST_TARGET_NAME = Auralis;
			};
			name = Release;
		};
/* End XCBuildConfiguration section */

/* Begin XCConfigurationList section */
		6FB455D62CC5BEBB009A055C /* Build configuration list for PBXProject "Auralis" */ = {
			isa = XCConfigurationList;
			buildConfigurations = (
				6FB456052CC5BEBD009A055C /* Debug */,
				6FB456062CC5BEBD009A055C /* Release */,
			);
			defaultConfigurationIsVisible = 0;
			defaultConfigurationName = Release;
		};
		6FB456022CC5BEBD009A055C /* Build configuration list for PBXNativeTarget "Auralis" */ = {
			isa = XCConfigurationList;
			buildConfigurations = (
				6FB456032CC5BEBD009A055C /* Debug */,
				6FB456042CC5BEBD009A055C /* Release */,
			);
			defaultConfigurationIsVisible = 0;
			defaultConfigurationName = Release;
		};
		6FB456072CC5BEBD009A055C /* Build configuration list for PBXNativeTarget "AuralisTests" */ = {
			isa = XCConfigurationList;
			buildConfigurations = (
				6FB456082CC5BEBD009A055C /* Debug */,
				6FB456092CC5BEBD009A055C /* Release */,
			);
			defaultConfigurationIsVisible = 0;
			defaultConfigurationName = Release;
		};
		6FB4560A2CC5BEBD009A055C /* Build configuration list for PBXNativeTarget "AuralisUITests" */ = {
			isa = XCConfigurationList;
			buildConfigurations = (
				6FB4560B2CC5BEBD009A055C /* Debug */,
				6FB4560C2CC5BEBD009A055C /* Release */,
			);
			defaultConfigurationIsVisible = 0;
			defaultConfigurationName = Release;
		};
/* End XCConfigurationList section */

/* Begin XCLocalSwiftPackageReference section */
		6F467D992FCD0E7E0062CE28 /* XCLocalSwiftPackageReference "AuralisTestSupport" */ = {
			isa = XCLocalSwiftPackageReference;
			relativePath = AuralisTestSupport;
		};
		6F6A10042F90000100BEEF01 /* XCLocalSwiftPackageReference "AuralisPrimaryModels" */ = {
			isa = XCLocalSwiftPackageReference;
			relativePath = AuralisPrimaryModels;
		};
		6F84E0142FAE329900CD4102 /* XCLocalSwiftPackageReference "AccountsCore" */ = {
			isa = XCLocalSwiftPackageReference;
			relativePath = AccountsCore;
		};
		6F84E01E2FAE627D00CD4102 /* XCLocalSwiftPackageReference "ReceiptsCore" */ = {
			isa = XCLocalSwiftPackageReference;
			relativePath = ReceiptsCore;
		};
		6F84E0242FAE705B00CD4102 /* XCLocalSwiftPackageReference "PolicyCore" */ = {
			isa = XCLocalSwiftPackageReference;
			relativePath = PolicyCore;
		};
		6F84E0272FAE829200CD4102 /* XCLocalSwiftPackageReference "OperatorCore" */ = {
			isa = XCLocalSwiftPackageReference;
			relativePath = OperatorCore;
		};
		6F84E02A2FAE901500CD4102 /* XCLocalSwiftPackageReference "NFTKit" */ = {
			isa = XCLocalSwiftPackageReference;
			relativePath = NFTKit;
		};
		6F84E2FA2FAF6CEA00CD4102 /* XCLocalSwiftPackageReference "SwiftDataAdapters" */ = {
			isa = XCLocalSwiftPackageReference;
			relativePath = SwiftDataAdapters;
		};
		6F84E2FD2FAFF7FE00CD4102 /* XCLocalSwiftPackageReference "AccountStorage" */ = {
			isa = XCLocalSwiftPackageReference;
			relativePath = AccountStorage;
		};
		6F84E3002FB0C5BC00CD4102 /* XCLocalSwiftPackageReference "TokenStorage" */ = {
			isa = XCLocalSwiftPackageReference;
			relativePath = TokenStorage;
		};
		6F84E3032FB2202700CD4102 /* XCLocalSwiftPackageReference "UserDefaultsAdapters" */ = {
			isa = XCLocalSwiftPackageReference;
			relativePath = UserDefaultsAdapters;
		};
		6F84E3062FB35A0A00CD4102 /* XCLocalSwiftPackageReference "AgentIdentityCore" */ = {
			isa = XCLocalSwiftPackageReference;
			relativePath = AgentIdentityCore;
		};
		6F84E3112FB66B8200CD4102 /* XCLocalSwiftPackageReference "AuraUI" */ = {
			isa = XCLocalSwiftPackageReference;
			relativePath = AuraUI;
		};
		6FA2563E2FB683EB00292ECA /* XCLocalSwiftPackageReference "AuralisShellCore" */ = {
			isa = XCLocalSwiftPackageReference;
			relativePath = AuralisShellCore;
		};
		6FA256412FB6A28400292ECA /* XCLocalSwiftPackageReference "NFTLibraryFeature" */ = {
			isa = XCLocalSwiftPackageReference;
			relativePath = NFTLibraryFeature;
		};
		6FA256462FB77B4800292ECA /* XCLocalSwiftPackageReference "MusicFeature" */ = {
			isa = XCLocalSwiftPackageReference;
			relativePath = MusicFeature;
		};
		6FA256492FB79FC600292ECA /* XCLocalSwiftPackageReference "AccountsFeature" */ = {
			isa = XCLocalSwiftPackageReference;
			relativePath = AccountsFeature;
		};
		6FDB397C2FBA7B4B00075FCE /* XCLocalSwiftPackageReference "ENS" */ = {
			isa = XCLocalSwiftPackageReference;
			relativePath = ENS;
		};
		6FDB397F2FBA7B5E00075FCE /* XCLocalSwiftPackageReference "ProviderKit" */ = {
			isa = XCLocalSwiftPackageReference;
			relativePath = ProviderKit;
		};
		6FDB39822FBA7B7200075FCE /* XCLocalSwiftPackageReference "ReceiptStorage" */ = {
			isa = XCLocalSwiftPackageReference;
			relativePath = ReceiptStorage;
		};
		6FDB39852FBA7B8F00075FCE /* XCLocalSwiftPackageReference "ChainProviders" */ = {
			isa = XCLocalSwiftPackageReference;
			relativePath = ChainProviders;
		};
		6FDB398A2FBA7CB800075FCE /* XCLocalSwiftPackageReference "CapabilitiesCore" */ = {
			isa = XCLocalSwiftPackageReference;
			relativePath = CapabilitiesCore;
		};
/* End XCLocalSwiftPackageReference section */

/* Begin XCRemoteSwiftPackageReference section */
		6F4179302DA96363002A78F5 /* XCRemoteSwiftPackageReference "web3" */ = {
			isa = XCRemoteSwiftPackageReference;
			repositoryURL = "https://github.com/argentlabs/web3.swift";
			requirement = {
				kind = upToNextMajorVersion;
				minimumVersion = 1.6.1;
			};
		};
		6F7B76022D962FE800DF0AD7 /* XCRemoteSwiftPackageReference "CodeScanner" */ = {
			isa = XCRemoteSwiftPackageReference;
			repositoryURL = "https://github.com/twoStraws/CodeScanner";
			requirement = {
				kind = upToNextMajorVersion;
				minimumVersion = 2.5.2;
			};
		};
		6FC0A1022F70000100A0BEEF /* XCRemoteSwiftPackageReference "SwiftLintPlugins" */ = {
			isa = XCRemoteSwiftPackageReference;
			repositoryURL = "https://github.com/SimplyDanny/SwiftLintPlugins";
			requirement = {
				kind = upToNextMajorVersion;
				minimumVersion = 0.62.0;
			};
		};
/* End XCRemoteSwiftPackageReference section */

/* Begin XCSwiftPackageProductDependency section */
		6F1947312FBD15A900A811F4 /* NFTDomain */ = {
			isa = XCSwiftPackageProductDependency;
			package = 6F84E02A2FAE901500CD4102 /* XCLocalSwiftPackageReference "NFTKit" */;
			productName = NFTDomain;
		};
		6F1947332FBD15A900A811F4 /* NFTPersistence */ = {
			isa = XCSwiftPackageProductDependency;
			package = 6F84E02A2FAE901500CD4102 /* XCLocalSwiftPackageReference "NFTKit" */;
			productName = NFTPersistence;
		};
		6F1947352FBD15A900A811F4 /* NFTPresentation */ = {
			isa = XCSwiftPackageProductDependency;
			package = 6F84E02A2FAE901500CD4102 /* XCLocalSwiftPackageReference "NFTKit" */;
			productName = NFTPresentation;
		};
		6F1947372FBD15A900A811F4 /* NFTProviderAdapters */ = {
			isa = XCSwiftPackageProductDependency;
			package = 6F84E02A2FAE901500CD4102 /* XCLocalSwiftPackageReference "NFTKit" */;
			productName = NFTProviderAdapters;
		};
		6F4179312DA96363002A78F5 /* web3.swift */ = {
			isa = XCSwiftPackageProductDependency;
			package = 6F4179302DA96363002A78F5 /* XCRemoteSwiftPackageReference "web3" */;
			productName = web3.swift;
		};
		6F467D9A2FCD0E7E0062CE28 /* AuralisTestSupport */ = {
			isa = XCSwiftPackageProductDependency;
			productName = AuralisTestSupport;
		};
		6F6A10052F90000100BEEF01 /* AuralisPrimaryModels */ = {
			isa = XCSwiftPackageProductDependency;
			package = 6F6A10042F90000100BEEF01 /* XCLocalSwiftPackageReference "AuralisPrimaryModels" */;
			productName = AuralisPrimaryModels;
		};
		6F793F7E2FD45B6300EC8C40 /* ReceiptsCore */ = {
			isa = XCSwiftPackageProductDependency;
			package = 6F84E01E2FAE627D00CD4102 /* XCLocalSwiftPackageReference "ReceiptsCore" */;
			productName = ReceiptsCore;
		};
		6F793F8C2FD4C5DB00EC8C40 /* MusicFeature */ = {
			isa = XCSwiftPackageProductDependency;
			package = 6FA256462FB77B4800292ECA /* XCLocalSwiftPackageReference "MusicFeature" */;
			productName = MusicFeature;
		};
		6F793F8E2FD5A39E00EC8C40 /* AuraUI */ = {
			isa = XCSwiftPackageProductDependency;
			package = 6F84E3112FB66B8200CD4102 /* XCLocalSwiftPackageReference "AuraUI" */;
			productName = AuraUI;
		};
		6F793F902FD5A3AB00EC8C40 /* CapabilitiesCore */ = {
			isa = XCSwiftPackageProductDependency;
			package = 6FDB398A2FBA7CB800075FCE /* XCLocalSwiftPackageReference "CapabilitiesCore" */;
			productName = CapabilitiesCore;
		};
		6F7B76032D962FE800DF0AD7 /* CodeScanner */ = {
			isa = XCSwiftPackageProductDependency;
			package = 6F7B76022D962FE800DF0AD7 /* XCRemoteSwiftPackageReference "CodeScanner" */;
			productName = CodeScanner;
		};
		6F84E0152FAE32FF00CD4102 /* AccountsCore */ = {
			isa = XCSwiftPackageProductDependency;
			package = 6F84E0142FAE329900CD4102 /* XCLocalSwiftPackageReference "AccountsCore" */;
			productName = AccountsCore;
		};
		6F84E01A2FAE48B000CD4102 /* AgentIdentityCore */ = {
			isa = XCSwiftPackageProductDependency;
			productName = AgentIdentityCore;
		};
		6F84E01F2FAE627D00CD4102 /* ReceiptsCore */ = {
			isa = XCSwiftPackageProductDependency;
			productName = ReceiptsCore;
		};
		6F84E0252FAE705B00CD4102 /* PolicyCore */ = {
			isa = XCSwiftPackageProductDependency;
			productName = PolicyCore;
		};
		6F84E0282FAE829200CD4102 /* OperatorCore */ = {
			isa = XCSwiftPackageProductDependency;
			productName = OperatorCore;
		};
		6F84E02B2FAE901500CD4102 /* NFTKit */ = {
			isa = XCSwiftPackageProductDependency;
			productName = NFTKit;
		};
		6F84E2FB2FAF6CEA00CD4102 /* SwiftDataAdapters */ = {
			isa = XCSwiftPackageProductDependency;
			productName = SwiftDataAdapters;
		};
		6F84E2FE2FAFF7FE00CD4102 /* AccountStorage */ = {
			isa = XCSwiftPackageProductDependency;
			productName = AccountStorage;
		};
		6F84E3012FB0C5BC00CD4102 /* TokenStorage */ = {
			isa = XCSwiftPackageProductDependency;
			productName = TokenStorage;
		};
		6F84E3042FB2202700CD4102 /* UserDefaultsAdapters */ = {
			isa = XCSwiftPackageProductDependency;
			productName = UserDefaultsAdapters;
		};
		6F84E3072FB35A0A00CD4102 /* AgentIdentityCore */ = {
			isa = XCSwiftPackageProductDependency;
			productName = AgentIdentityCore;
		};
		6F84E3122FB66B8200CD4102 /* AuraUI */ = {
			isa = XCSwiftPackageProductDependency;
			productName = AuraUI;
		};
		6FA2563F2FB683EB00292ECA /* AuralisShellCore */ = {
			isa = XCSwiftPackageProductDependency;
			productName = AuralisShellCore;
		};
		6FA256422FB6A28400292ECA /* NFTLibraryFeature */ = {
			isa = XCSwiftPackageProductDependency;
			productName = NFTLibraryFeature;
		};
		6FA256472FB77B4800292ECA /* MusicFeature */ = {
			isa = XCSwiftPackageProductDependency;
			productName = MusicFeature;
		};
		6FA2564A2FB79FC600292ECA /* AccountsFeature */ = {
			isa = XCSwiftPackageProductDependency;
			productName = AccountsFeature;
		};
		6FDB397D2FBA7B4B00075FCE /* ENS */ = {
			isa = XCSwiftPackageProductDependency;
			productName = ENS;
		};
		6FDB39802FBA7B5E00075FCE /* ProviderKit */ = {
			isa = XCSwiftPackageProductDependency;
			productName = ProviderKit;
		};
		6FDB39832FBA7B7200075FCE /* ReceiptStorage */ = {
			isa = XCSwiftPackageProductDependency;
			productName = ReceiptStorage;
		};
		6FDB39862FBA7B8F00075FCE /* ChainProviders */ = {
			isa = XCSwiftPackageProductDependency;
			productName = ChainProviders;
		};
		6FDB398B2FBA7CB800075FCE /* CapabilitiesCore */ = {
			isa = XCSwiftPackageProductDependency;
			productName = CapabilitiesCore;
		};
/* End XCSwiftPackageProductDependency section */
	};
	rootObject = 6FB455D32CC5BEBB009A055C /* Project object */;
}
